
Microsoft Visual Studio Solution File, Format Version 12.00
# Visual Studio Version 17
VisualStudioVersion = 17.7.34031.279
MinimumVisualStudioVersion = 10.0.40219.1
Project("{FAE04EC0-301F-11D3-BF4B-00C04F79EFBC}") = "n01625423_assignment_1", "n01625423_assignment_1\n01625423_assignment_1.csproj", "{BDA1113B-01C4-48C4-8D05-3261466ED450}"
EndProject
Global
	GlobalSection(SolutionConfigurationPlatforms) = preSolution
		Debug|Any CPU = Debug|Any CPU
		Release|Any CPU = Release|Any CPU
	EndGlobalSection
	GlobalSection(ProjectConfigurationPlatforms) = postSolution
		{BDA1113B-01C4-48C4-8D05-3261466ED450}.Debug|Any CPU.ActiveCfg = Debug|Any CPU
		{BDA1113B-01C4-48C4-8D05-3261466ED450}.Debug|Any CPU.Build.0 = Debug|Any CPU
		{BDA1113B-01C4-48C4-8D05-3261466ED450}.Release|Any CPU.ActiveCfg = Release|Any CPU
		{BDA1113B-01C4-48C4-8D05-3261466ED450}.Release|Any CPU.Build.0 = Release|Any CPU
	EndGlobalSection
	GlobalSection(SolutionProperties) = preSolution
		HideSolutionNode = FALSE
	EndGlobalSection
	GlobalSection(ExtensibilityGlobals) = postSolution
		SolutionGuid = {18D96051-FEB6-4E31-BE44-3A10C37DCCAE}
	EndGlobalSection
EndGlobal
